
Microsoft Visual Studio Solution File, Format Version 12.00
# Visual Studio 15
Project("{FAE04EC0-301F-11D3-BF4B-00C04F79EFBC}") = "Assembly-CSharp", "Assembly-CSharp.csproj", "{1BBD7CBC-4780-F995-03F2-C1A1827A5DA2}"
EndProject
Project("{FAE04EC0-301F-11D3-BF4B-00C04F79EFBC}") = "Assembly-CSharp-Editor", "Assembly-CSharp-Editor.csproj", "{C6992441-FA1A-1F36-E2D1-295294792585}"
EndProject
Global
	GlobalSection(SolutionConfigurationPlatforms) = preSolution
		Debug|Any CPU = Debug|Any CPU
		Release|Any CPU = Release|Any CPU
	EndGlobalSection
	GlobalSection(ProjectConfigurationPlatforms) = postSolution
		{1BBD7CBC-4780-F995-03F2-C1A1827A5DA2}.Debug|Any CPU.ActiveCfg = Debug|Any CPU
		{1BBD7CBC-4780-F995-03F2-C1A1827A5DA2}.Debug|Any CPU.Build.0 = Debug|Any CPU
		{1BBD7CBC-4780-F995-03F2-C1A1827A5DA2}.Release|Any CPU.ActiveCfg = Release|Any CPU
		{1BBD7CBC-4780-F995-03F2-C1A1827A5DA2}.Release|Any CPU.Build.0 = Release|Any CPU
		{C6992441-FA1A-1F36-E2D1-295294792585}.Debug|Any CPU.ActiveCfg = Debug|Any CPU
		{C6992441-FA1A-1F36-E2D1-295294792585}.Debug|Any CPU.Build.0 = Debug|Any CPU
		{C6992441-FA1A-1F36-E2D1-295294792585}.Release|Any CPU.ActiveCfg = Release|Any CPU
		{C6992441-FA1A-1F36-E2D1-295294792585}.Release|Any CPU.Build.0 = Release|Any CPU
	EndGlobalSection
	GlobalSection(SolutionProperties) = preSolution
		HideSolutionNode = FALSE
	EndGlobalSection
EndGlobal
